
Microsoft Visual Studio Solution File, Format Version 12.00
# Visual Studio Version 17
VisualStudioVersion = 17.0.31903.59
MinimumVisualStudioVersion = 10.0.40219.1
Project("{FAE04EC0-301F-11D3-BF4B-00C04F79EFBC}") = "Domain", "Domain\Domain.csproj", "{189E67E9-55FE-4916-9794-B413A0CB53E7}"
EndProject
Project("{FAE04EC0-301F-11D3-BF4B-00C04F79EFBC}") = "Application", "Application\Application.csproj", "{EDE2061D-5DF7-469F-AD45-B2802EFC28BA}"
EndProject
Project("{FAE04EC0-301F-11D3-BF4B-00C04F79EFBC}") = "Infrastructure", "Infrastructure\Infrastructure.csproj", "{17F4B830-8155-4418-BC75-A8187C8272E2}"
EndProject
Project("{FAE04EC0-301F-11D3-BF4B-00C04F79EFBC}") = "Api", "Api\Api.csproj", "{E9597B92-7F42-401A-8632-F8400AD23318}"
EndProject
Project("{FAE04EC0-301F-11D3-BF4B-00C04F79EFBC}") = "GrpcService", "GrpcService\GrpcService.csproj", "{50A48301-181F-426D-9E04-F31D836669A8}"
EndProject
Global
	GlobalSection(SolutionConfigurationPlatforms) = preSolution
		Debug|Any CPU = Debug|Any CPU
		Release|Any CPU = Release|Any CPU
	EndGlobalSection
	GlobalSection(SolutionProperties) = preSolution
		HideSolutionNode = FALSE
	EndGlobalSection
	GlobalSection(ProjectConfigurationPlatforms) = postSolution
		{189E67E9-55FE-4916-9794-B413A0CB53E7}.Debug|Any CPU.ActiveCfg = Debug|Any CPU
		{189E67E9-55FE-4916-9794-B413A0CB53E7}.Debug|Any CPU.Build.0 = Debug|Any CPU
		{189E67E9-55FE-4916-9794-B413A0CB53E7}.Release|Any CPU.ActiveCfg = Release|Any CPU
		{189E67E9-55FE-4916-9794-B413A0CB53E7}.Release|Any CPU.Build.0 = Release|Any CPU
		{EDE2061D-5DF7-469F-AD45-B2802EFC28BA}.Debug|Any CPU.ActiveCfg = Debug|Any CPU
		{EDE2061D-5DF7-469F-AD45-B2802EFC28BA}.Debug|Any CPU.Build.0 = Debug|Any CPU
		{EDE2061D-5DF7-469F-AD45-B2802EFC28BA}.Release|Any CPU.ActiveCfg = Release|Any CPU
		{EDE2061D-5DF7-469F-AD45-B2802EFC28BA}.Release|Any CPU.Build.0 = Release|Any CPU
		{17F4B830-8155-4418-BC75-A8187C8272E2}.Debug|Any CPU.ActiveCfg = Debug|Any CPU
		{17F4B830-8155-4418-BC75-A8187C8272E2}.Debug|Any CPU.Build.0 = Debug|Any CPU
		{17F4B830-8155-4418-BC75-A8187C8272E2}.Release|Any CPU.ActiveCfg = Release|Any CPU
		{17F4B830-8155-4418-BC75-A8187C8272E2}.Release|Any CPU.Build.0 = Release|Any CPU
		{E9597B92-7F42-401A-8632-F8400AD23318}.Debug|Any CPU.ActiveCfg = Debug|Any CPU
		{E9597B92-7F42-401A-8632-F8400AD23318}.Debug|Any CPU.Build.0 = Debug|Any CPU
		{E9597B92-7F42-401A-8632-F8400AD23318}.Release|Any CPU.ActiveCfg = Release|Any CPU
		{E9597B92-7F42-401A-8632-F8400AD23318}.Release|Any CPU.Build.0 = Release|Any CPU
		{50A48301-181F-426D-9E04-F31D836669A8}.Debug|Any CPU.ActiveCfg = Debug|Any CPU
		{50A48301-181F-426D-9E04-F31D836669A8}.Debug|Any CPU.Build.0 = Debug|Any CPU
		{50A48301-181F-426D-9E04-F31D836669A8}.Release|Any CPU.ActiveCfg = Release|Any CPU
		{50A48301-181F-426D-9E04-F31D836669A8}.Release|Any CPU.Build.0 = Release|Any CPU
	EndGlobalSection
EndGlobal
